Microsoft Visual Studio Solution File, Format Version 8.00
Project("{8BC9CEB8-8B4A-11D0-8D11-00A0C91BC942}") = "OdysseyCtl", "OdysseyCtl.vcproj", "{9E18CF6E-5C98-49C9-B528-CEAAAD66C3EA}"
	ProjectSection(ProjectDependencies) = postProject
	EndProjectSection
EndProject
Global
	GlobalSection(SolutionConfiguration) = preSolution
		Debug = Debug
		Release = Release
	EndGlobalSection
	GlobalSection(ProjectConfiguration) = postSolution
		{9E18CF6E-5C98-49C9-B528-CEAAAD66C3EA}.Debug.ActiveCfg = Debug|Win32
		{9E18CF6E-5C98-49C9-B528-CEAAAD66C3EA}.Debug.Build.0 = Debug|Win32
		{9E18CF6E-5C98-49C9-B528-CEAAAD66C3EA}.Release.ActiveCfg = Release|Win32
		{9E18CF6E-5C98-49C9-B528-CEAAAD66C3EA}.Release.Build.0 = Release|Win32
	EndGlobalSection
	GlobalSection(ExtensibilityGlobals) = postSolution
	EndGlobalSection
	GlobalSection(ExtensibilityAddIns) = postSolution
	EndGlobalSection
EndGlobal
