Microsoft Visual Studio Solution File, Format Version 8.00
Project("{8BC9CEB8-8B4A-11D0-8D11-00A0C91BC942}") = "DiameterBaseProtocol", "libdiameter\DiameterBaseProtocol.vcproj", "{85301143-E97B-4AFC-9363-BB0496B39D92}"
	ProjectSection(ProjectDependencies) = postProject
		{6CE70797-2162-4646-8D15-DB215DC00849} = {6CE70797-2162-4646-8D15-DB215DC00849}
		{F846AE9A-6CFF-4794-8663-A3B46B300622} = {F846AE9A-6CFF-4794-8663-A3B46B300622}
	EndProjectSection
EndProject
Project("{8BC9CEB8-8B4A-11D0-8D11-00A0C91BC942}") = "DiameterParser", "libdiamparser\DiameterParser.vcproj", "{6CE70797-2162-4646-8D15-DB215DC00849}"
	ProjectSection(ProjectDependencies) = postProject
	EndProjectSection
EndProject
Project("{8BC9CEB8-8B4A-11D0-8D11-00A0C91BC942}") = "EAP", "libeap\EAP.vcproj", "{1AE50D52-633B-47AB-BAB5-B28F552B2310}"
	ProjectSection(ProjectDependencies) = postProject
		{6CE70797-2162-4646-8D15-DB215DC00849} = {6CE70797-2162-4646-8D15-DB215DC00849}
	EndProjectSection
EndProject
Project("{8BC9CEB8-8B4A-11D0-8D11-00A0C91BC942}") = "ParserTest1", "libdiamparser\parser_test1\ParserTest1.vcproj", "{3ED419FA-8F87-44FA-A313-E9568A4C7D49}"
	ProjectSection(ProjectDependencies) = postProject
		{6CE70797-2162-4646-8D15-DB215DC00849} = {6CE70797-2162-4646-8D15-DB215DC00849}
	EndProjectSection
EndProject
Project("{8BC9CEB8-8B4A-11D0-8D11-00A0C91BC942}") = "ParserTest2", "libdiamparser\parser_test2\ParserTest2.vcproj", "{B7022111-3880-4288-8ECA-C9C083189256}"
	ProjectSection(ProjectDependencies) = postProject
		{6CE70797-2162-4646-8D15-DB215DC00849} = {6CE70797-2162-4646-8D15-DB215DC00849}
	EndProjectSection
EndProject
Project("{8BC9CEB8-8B4A-11D0-8D11-00A0C91BC942}") = "ParserTest3", "libdiamparser\parser_test3\ParserTest3.vcproj", "{4D016128-DFEA-471C-8F65-2EB7CEA28584}"
	ProjectSection(ProjectDependencies) = postProject
		{6CE70797-2162-4646-8D15-DB215DC00849} = {6CE70797-2162-4646-8D15-DB215DC00849}
	EndProjectSection
EndProject
Project("{8BC9CEB8-8B4A-11D0-8D11-00A0C91BC942}") = "EAPTest", "libeap\eap_test1\EAPTest.vcproj", "{86FD72D7-6308-4F31-BB8C-AA33766719FA}"
	ProjectSection(ProjectDependencies) = postProject
		{1AE50D52-633B-47AB-BAB5-B28F552B2310} = {1AE50D52-633B-47AB-BAB5-B28F552B2310}
		{6CE70797-2162-4646-8D15-DB215DC00849} = {6CE70797-2162-4646-8D15-DB215DC00849}
	EndProjectSection
EndProject
Project("{8BC9CEB8-8B4A-11D0-8D11-00A0C91BC942}") = "AAASampleClient1", "libdiameter\aaa_sample_client1\AAASampleClient1.vcproj", "{BACF3E9D-E23D-42CA-A5CE-01C2E849798B}"
	ProjectSection(ProjectDependencies) = postProject
		{85301143-E97B-4AFC-9363-BB0496B39D92} = {85301143-E97B-4AFC-9363-BB0496B39D92}
		{6CE70797-2162-4646-8D15-DB215DC00849} = {6CE70797-2162-4646-8D15-DB215DC00849}
		{F846AE9A-6CFF-4794-8663-A3B46B300622} = {F846AE9A-6CFF-4794-8663-A3B46B300622}
	EndProjectSection
EndProject
Project("{8BC9CEB8-8B4A-11D0-8D11-00A0C91BC942}") = "AAASampleServer1", "libdiameter\aaa_sample_server1\AAASampleServer1.vcproj", "{A5B941B1-00BA-4517-9F86-1368EDCADCB0}"
	ProjectSection(ProjectDependencies) = postProject
		{85301143-E97B-4AFC-9363-BB0496B39D92} = {85301143-E97B-4AFC-9363-BB0496B39D92}
		{6CE70797-2162-4646-8D15-DB215DC00849} = {6CE70797-2162-4646-8D15-DB215DC00849}
		{F846AE9A-6CFF-4794-8663-A3B46B300622} = {F846AE9A-6CFF-4794-8663-A3B46B300622}
	EndProjectSection
EndProject
Project("{8BC9CEB8-8B4A-11D0-8D11-00A0C91BC942}") = "PANA", "libpana\PANA.vcproj", "{96AEDD8A-5081-49CA-8504-D1F5ECF7FE79}"
	ProjectSection(ProjectDependencies) = postProject
		{6CE70797-2162-4646-8D15-DB215DC00849} = {6CE70797-2162-4646-8D15-DB215DC00849}
		{F846AE9A-6CFF-4794-8663-A3B46B300622} = {F846AE9A-6CFF-4794-8663-A3B46B300622}
	EndProjectSection
EndProject
Project("{8BC9CEB8-8B4A-11D0-8D11-00A0C91BC942}") = "PANATest1", "libpana\pana_test1\PANATest1.vcproj", "{4D53A4B4-0089-42C1-989C-2A73163D77C0}"
	ProjectSection(ProjectDependencies) = postProject
		{1AE50D52-633B-47AB-BAB5-B28F552B2310} = {1AE50D52-633B-47AB-BAB5-B28F552B2310}
		{96AEDD8A-5081-49CA-8504-D1F5ECF7FE79} = {96AEDD8A-5081-49CA-8504-D1F5ECF7FE79}
		{6CE70797-2162-4646-8D15-DB215DC00849} = {6CE70797-2162-4646-8D15-DB215DC00849}
		{F846AE9A-6CFF-4794-8663-A3B46B300622} = {F846AE9A-6CFF-4794-8663-A3B46B300622}
	EndProjectSection
EndProject
Project("{8BC9CEB8-8B4A-11D0-8D11-00A0C91BC942}") = "PANATest2", "libpana\pana_test2\PANATest2.vcproj", "{0D673A6B-BBE9-43CB-91EC-362E3AE0BEF1}"
	ProjectSection(ProjectDependencies) = postProject
		{1AE50D52-633B-47AB-BAB5-B28F552B2310} = {1AE50D52-633B-47AB-BAB5-B28F552B2310}
		{96AEDD8A-5081-49CA-8504-D1F5ECF7FE79} = {96AEDD8A-5081-49CA-8504-D1F5ECF7FE79}
		{04C03D91-E636-48A8-83DE-C9996430B59D} = {04C03D91-E636-48A8-83DE-C9996430B59D}
		{6CE70797-2162-4646-8D15-DB215DC00849} = {6CE70797-2162-4646-8D15-DB215DC00849}
		{F846AE9A-6CFF-4794-8663-A3B46B300622} = {F846AE9A-6CFF-4794-8663-A3B46B300622}
	EndProjectSection
EndProject
Project("{8BC9CEB8-8B4A-11D0-8D11-00A0C91BC942}") = "EAPArchie", "libeap\eap-archie\EAPArchie.vcproj", "{04C03D91-E636-48A8-83DE-C9996430B59D}"
	ProjectSection(ProjectDependencies) = postProject
		{1AE50D52-633B-47AB-BAB5-B28F552B2310} = {1AE50D52-633B-47AB-BAB5-B28F552B2310}
		{6CE70797-2162-4646-8D15-DB215DC00849} = {6CE70797-2162-4646-8D15-DB215DC00849}
	EndProjectSection
EndProject
Project("{8BC9CEB8-8B4A-11D0-8D11-00A0C91BC942}") = "EAPArchieTest", "libeap\eap-archie\EAPArchieTest\EAPArchieTest.vcproj", "{E77B9D1C-1E36-4C1D-A9D7-DEBB3917BAFE}"
	ProjectSection(ProjectDependencies) = postProject
		{1AE50D52-633B-47AB-BAB5-B28F552B2310} = {1AE50D52-633B-47AB-BAB5-B28F552B2310}
		{04C03D91-E636-48A8-83DE-C9996430B59D} = {04C03D91-E636-48A8-83DE-C9996430B59D}
	EndProjectSection
EndProject
Project("{8BC9CEB8-8B4A-11D0-8D11-00A0C91BC942}") = "DiameterEAP", "libdiametereap\DiameterEAP.vcproj", "{E2BFE4B0-C164-43BD-811B-6F483CD6D6DF}"
	ProjectSection(ProjectDependencies) = postProject
		{85301143-E97B-4AFC-9363-BB0496B39D92} = {85301143-E97B-4AFC-9363-BB0496B39D92}
		{1AE50D52-633B-47AB-BAB5-B28F552B2310} = {1AE50D52-633B-47AB-BAB5-B28F552B2310}
		{6CE70797-2162-4646-8D15-DB215DC00849} = {6CE70797-2162-4646-8D15-DB215DC00849}
	EndProjectSection
EndProject
Project("{8BC9CEB8-8B4A-11D0-8D11-00A0C91BC942}") = "DiameterEAPClientTest", "libdiametereap\diameter_eap_client_test\DiameterEAPClientTest.vcproj", "{5740DAA7-9CAA-405B-B006-1E84A21B8077}"
	ProjectSection(ProjectDependencies) = postProject
		{85301143-E97B-4AFC-9363-BB0496B39D92} = {85301143-E97B-4AFC-9363-BB0496B39D92}
		{1AE50D52-633B-47AB-BAB5-B28F552B2310} = {1AE50D52-633B-47AB-BAB5-B28F552B2310}
		{6CE70797-2162-4646-8D15-DB215DC00849} = {6CE70797-2162-4646-8D15-DB215DC00849}
		{E2BFE4B0-C164-43BD-811B-6F483CD6D6DF} = {E2BFE4B0-C164-43BD-811B-6F483CD6D6DF}
	EndProjectSection
EndProject
Project("{8BC9CEB8-8B4A-11D0-8D11-00A0C91BC942}") = "DiameterEAPServerTest", "libdiametereap\diameter_eap_server_test\DiameterEAPServerTest.vcproj", "{B60D230F-E204-4BE2-81C1-4DD3A01EE4CB}"
	ProjectSection(ProjectDependencies) = postProject
		{85301143-E97B-4AFC-9363-BB0496B39D92} = {85301143-E97B-4AFC-9363-BB0496B39D92}
		{1AE50D52-633B-47AB-BAB5-B28F552B2310} = {1AE50D52-633B-47AB-BAB5-B28F552B2310}
		{6CE70797-2162-4646-8D15-DB215DC00849} = {6CE70797-2162-4646-8D15-DB215DC00849}
		{E2BFE4B0-C164-43BD-811B-6F483CD6D6DF} = {E2BFE4B0-C164-43BD-811B-6F483CD6D6DF}
	EndProjectSection
EndProject
Project("{8BC9CEB8-8B4A-11D0-8D11-00A0C91BC942}") = "PANATest3", "libpana\pana_test3\PANATest3.vcproj", "{FCB2C01A-D6E7-45BB-A8AC-BB77DD39E1C1}"
	ProjectSection(ProjectDependencies) = postProject
		{1AE50D52-633B-47AB-BAB5-B28F552B2310} = {1AE50D52-633B-47AB-BAB5-B28F552B2310}
		{96AEDD8A-5081-49CA-8504-D1F5ECF7FE79} = {96AEDD8A-5081-49CA-8504-D1F5ECF7FE79}
		{04C03D91-E636-48A8-83DE-C9996430B59D} = {04C03D91-E636-48A8-83DE-C9996430B59D}
		{6CE70797-2162-4646-8D15-DB215DC00849} = {6CE70797-2162-4646-8D15-DB215DC00849}
		{F846AE9A-6CFF-4794-8663-A3B46B300622} = {F846AE9A-6CFF-4794-8663-A3B46B300622}
	EndProjectSection
EndProject
Project("{8BC9CEB8-8B4A-11D0-8D11-00A0C91BC942}") = "PANAPacApplication", "applications\pana\PANAPacApplication.vcproj", "{0E8EB311-6E75-48BD-A0D3-D8AA89C168DD}"
	ProjectSection(ProjectDependencies) = postProject
		{1AE50D52-633B-47AB-BAB5-B28F552B2310} = {1AE50D52-633B-47AB-BAB5-B28F552B2310}
		{96AEDD8A-5081-49CA-8504-D1F5ECF7FE79} = {96AEDD8A-5081-49CA-8504-D1F5ECF7FE79}
		{04C03D91-E636-48A8-83DE-C9996430B59D} = {04C03D91-E636-48A8-83DE-C9996430B59D}
		{6CE70797-2162-4646-8D15-DB215DC00849} = {6CE70797-2162-4646-8D15-DB215DC00849}
		{F846AE9A-6CFF-4794-8663-A3B46B300622} = {F846AE9A-6CFF-4794-8663-A3B46B300622}
	EndProjectSection
EndProject
Project("{54435603-DBB4-11D2-8724-00A0C9A8B90C}") = "PANAPacInstaller", "setup\PANAPacInstaller\PANAPacInstaller.vdproj", "{1887F61F-1C5C-4924-937B-C530B911DB0A}"
	ProjectSection(ProjectDependencies) = postProject
	EndProjectSection
EndProject
Project("{54435603-DBB4-11D2-8724-00A0C9A8B90C}") = "OpenDiameterInstaller", "setup\OpenDiameterInstaller\OpenDiameterInstaller.vdproj", "{B6C0AD38-FC17-4C2E-8D1D-4F4162DC318B}"
	ProjectSection(ProjectDependencies) = postProject
	EndProjectSection
EndProject
Project("{8BC9CEB8-8B4A-11D0-8D11-00A0C91BC942}") = "DiameterNASREQ", "libdiameternasreq\DiameterNASREQ.vcproj", "{B1385DCE-2998-42CF-9B13-AD5FFF0C368D}"
	ProjectSection(ProjectDependencies) = postProject
		{85301143-E97B-4AFC-9363-BB0496B39D92} = {85301143-E97B-4AFC-9363-BB0496B39D92}
		{6CE70797-2162-4646-8D15-DB215DC00849} = {6CE70797-2162-4646-8D15-DB215DC00849}
		{E2BFE4B0-C164-43BD-811B-6F483CD6D6DF} = {E2BFE4B0-C164-43BD-811B-6F483CD6D6DF}
	EndProjectSection
EndProject
Project("{8BC9CEB8-8B4A-11D0-8D11-00A0C91BC942}") = "DiameterNASREQServerTest", "libdiameternasreq\diameter_nasreq_server_test\DiameterNasreqServerTest.vcproj", "{DCB064D0-2E5F-4797-807E-0641D8E66280}"
	ProjectSection(ProjectDependencies) = postProject
		{85301143-E97B-4AFC-9363-BB0496B39D92} = {85301143-E97B-4AFC-9363-BB0496B39D92}
		{6CE70797-2162-4646-8D15-DB215DC00849} = {6CE70797-2162-4646-8D15-DB215DC00849}
		{B1385DCE-2998-42CF-9B13-AD5FFF0C368D} = {B1385DCE-2998-42CF-9B13-AD5FFF0C368D}
	EndProjectSection
EndProject
Project("{8BC9CEB8-8B4A-11D0-8D11-00A0C91BC942}") = "DiameterNASREQClientTest", "libdiameternasreq\diameter_nasreq_client_test\DiameterNasreqClientTest.vcproj", "{DCB064D0-2E5F-4797-807E-0641D8E66280}"
	ProjectSection(ProjectDependencies) = postProject
		{85301143-E97B-4AFC-9363-BB0496B39D92} = {85301143-E97B-4AFC-9363-BB0496B39D92}
		{6CE70797-2162-4646-8D15-DB215DC00849} = {6CE70797-2162-4646-8D15-DB215DC00849}
		{B1385DCE-2998-42CF-9B13-AD5FFF0C368D} = {B1385DCE-2998-42CF-9B13-AD5FFF0C368D}
	EndProjectSection
EndProject
Project("{8BC9CEB8-8B4A-11D0-8D11-00A0C91BC942}") = "OpenDiameterUtl", "libodutl\OpenDiameterUtility.vcproj", "{F846AE9A-6CFF-4794-8663-A3B46B300622}"
	ProjectSection(ProjectDependencies) = postProject
	EndProjectSection
EndProject
Project("{8BC9CEB8-8B4A-11D0-8D11-00A0C91BC942}") = "WPACtl", "applications\tools\wpactl\wpactl.vcproj", "{7DDCF4E7-56A0-4908-A140-18A0B7591034}"
	ProjectSection(ProjectDependencies) = postProject
	EndProjectSection
EndProject
Project("{8BC9CEB8-8B4A-11D0-8D11-00A0C91BC942}") = "AAASampleClient2", "libdiameter\aaa_sample_client2\AAASampleClient2.vcproj", "{BACF3E9D-E23D-42CA-A5CE-01C2E8490000}"
	ProjectSection(ProjectDependencies) = postProject
		{85301143-E97B-4AFC-9363-BB0496B39D92} = {85301143-E97B-4AFC-9363-BB0496B39D92}
		{6CE70797-2162-4646-8D15-DB215DC00849} = {6CE70797-2162-4646-8D15-DB215DC00849}
		{F846AE9A-6CFF-4794-8663-A3B46B300622} = {F846AE9A-6CFF-4794-8663-A3B46B300622}
	EndProjectSection
EndProject
Project("{8BC9CEB8-8B4A-11D0-8D11-00A0C91BC942}") = "AAASampleServer2", "libdiameter\aaa_sample_server2\AAASampleServer2.vcproj", "{A5B941B1-00BA-4517-9F86-1368EDCADCB0}"
	ProjectSection(ProjectDependencies) = postProject
		{85301143-E97B-4AFC-9363-BB0496B39D92} = {85301143-E97B-4AFC-9363-BB0496B39D92}
		{6CE70797-2162-4646-8D15-DB215DC00849} = {6CE70797-2162-4646-8D15-DB215DC00849}
		{F846AE9A-6CFF-4794-8663-A3B46B300622} = {F846AE9A-6CFF-4794-8663-A3B46B300622}
	EndProjectSection
EndProject
Project("{8BC9CEB8-8B4A-11D0-8D11-00A0C91BC942}") = "AAASampleAgent", "libdiameter\aaa_sample_agent\AAASampleAgent.vcproj", "{40B41150-59AC-11D9-9669-0800200C9A66}"
	ProjectSection(ProjectDependencies) = postProject
		{85301143-E97B-4AFC-9363-BB0496B39D92} = {85301143-E97B-4AFC-9363-BB0496B39D92}
		{6CE70797-2162-4646-8D15-DB215DC00849} = {6CE70797-2162-4646-8D15-DB215DC00849}
		{F846AE9A-6CFF-4794-8663-A3B46B300622} = {F846AE9A-6CFF-4794-8663-A3B46B300622}
	EndProjectSection
EndProject
Project("{8BC9CEB8-8B4A-11D0-8D11-00A0C91BC942}") = "AAASampleClient3", "libdiameter\aaa_sample_client3\AAASampleClient3.vcproj", "{7BEC7000-59AC-11D9-9669-0800200C9A66}"
	ProjectSection(ProjectDependencies) = postProject
		{85301143-E97B-4AFC-9363-BB0496B39D92} = {85301143-E97B-4AFC-9363-BB0496B39D92}
		{6CE70797-2162-4646-8D15-DB215DC00849} = {6CE70797-2162-4646-8D15-DB215DC00849}
		{F846AE9A-6CFF-4794-8663-A3B46B300622} = {F846AE9A-6CFF-4794-8663-A3B46B300622}
	EndProjectSection
EndProject
Project("{8BC9CEB8-8B4A-11D0-8D11-00A0C91BC942}") = "AAASampleClient4", "libdiameter\aaa_sample_client4\AAASampleClient4.vcproj", "{CACCD9D0-59AC-11D9-9669-0800200C9A66}"
	ProjectSection(ProjectDependencies) = postProject
		{85301143-E97B-4AFC-9363-BB0496B39D92} = {85301143-E97B-4AFC-9363-BB0496B39D92}
		{6CE70797-2162-4646-8D15-DB215DC00849} = {6CE70797-2162-4646-8D15-DB215DC00849}
		{F846AE9A-6CFF-4794-8663-A3B46B300622} = {F846AE9A-6CFF-4794-8663-A3B46B300622}
	EndProjectSection
EndProject
Project("{8BC9CEB8-8B4A-11D0-8D11-00A0C91BC942}") = "AAASampleClient5", "libdiameter\aaa_sample_client5\AAASampleClient5.vcproj", "{CACCD9D0-59AC-11D9-9669-0800200C9A66}"
	ProjectSection(ProjectDependencies) = postProject
		{85301143-E97B-4AFC-9363-BB0496B39D92} = {85301143-E97B-4AFC-9363-BB0496B39D92}
		{6CE70797-2162-4646-8D15-DB215DC00849} = {6CE70797-2162-4646-8D15-DB215DC00849}
		{F846AE9A-6CFF-4794-8663-A3B46B300622} = {F846AE9A-6CFF-4794-8663-A3B46B300622}
	EndProjectSection
EndProject
Project("{8BC9CEB8-8B4A-11D0-8D11-00A0C91BC942}") = "AAASampleServer3", "libdiameter\aaa_sample_server3\AAASampleServer3.vcproj", "{40B41150-59AC-11D9-9669-0800200C9A66}"
	ProjectSection(ProjectDependencies) = postProject
		{85301143-E97B-4AFC-9363-BB0496B39D92} = {85301143-E97B-4AFC-9363-BB0496B39D92}
		{6CE70797-2162-4646-8D15-DB215DC00849} = {6CE70797-2162-4646-8D15-DB215DC00849}
		{F846AE9A-6CFF-4794-8663-A3B46B300622} = {F846AE9A-6CFF-4794-8663-A3B46B300622}
	EndProjectSection
EndProject
Project("{8BC9CEB8-8B4A-11D0-8D11-00A0C91BC942}") = "AAASampleServer4", "libdiameter\aaa_sample_server4\AAASampleServer4.vcproj", "{40B41150-59AC-11D9-9669-0800200C9A66}"
	ProjectSection(ProjectDependencies) = postProject
		{85301143-E97B-4AFC-9363-BB0496B39D92} = {85301143-E97B-4AFC-9363-BB0496B39D92}
		{6CE70797-2162-4646-8D15-DB215DC00849} = {6CE70797-2162-4646-8D15-DB215DC00849}
		{F846AE9A-6CFF-4794-8663-A3B46B300622} = {F846AE9A-6CFF-4794-8663-A3B46B300622}
	EndProjectSection
EndProject
Project("{8BC9CEB8-8B4A-11D0-8D11-00A0C91BC942}") = "AAASampleServer5", "libdiameter\aaa_sample_server5\AAASampleServer5.vcproj", "{40B41150-59AC-11D9-9669-0800200C9A66}"
	ProjectSection(ProjectDependencies) = postProject
		{85301143-E97B-4AFC-9363-BB0496B39D92} = {85301143-E97B-4AFC-9363-BB0496B39D92}
		{6CE70797-2162-4646-8D15-DB215DC00849} = {6CE70797-2162-4646-8D15-DB215DC00849}
		{F846AE9A-6CFF-4794-8663-A3B46B300622} = {F846AE9A-6CFF-4794-8663-A3B46B300622}
	EndProjectSection
EndProject
Project("{8BC9CEB8-8B4A-11D0-8D11-00A0C91BC942}") = "ParserTest4", "libdiamparser\parser_test4\ParserTest4.vcproj", "{38C6E570-59B2-11D9-9669-0800200C9A66}"
	ProjectSection(ProjectDependencies) = postProject
		{6CE70797-2162-4646-8D15-DB215DC00849} = {6CE70797-2162-4646-8D15-DB215DC00849}
	EndProjectSection
EndProject
Project("{8BC9CEB8-8B4A-11D0-8D11-00A0C91BC942}") = "ParserTest5", "libdiamparser\parser_test5\ParserTest5.vcproj", "{95C5CFC0-59B2-11D9-9669-0800200C9A66}"
	ProjectSection(ProjectDependencies) = postProject
		{85301143-E97B-4AFC-9363-BB0496B39D92} = {85301143-E97B-4AFC-9363-BB0496B39D92}
		{40B41150-59AC-11D9-9669-0800200C9A66} = {40B41150-59AC-11D9-9669-0800200C9A66}
		{6CE70797-2162-4646-8D15-DB215DC00849} = {6CE70797-2162-4646-8D15-DB215DC00849}
		{F846AE9A-6CFF-4794-8663-A3B46B300622} = {F846AE9A-6CFF-4794-8663-A3B46B300622}
	EndProjectSection
EndProject
Project("{8BC9CEB8-8B4A-11D0-8D11-00A0C91BC942}") = "DiameterMIP4", "libdiametermip4\DiameterMIP4.vcproj", "{2744ECFD-5908-45FA-8528-B40A426058DF}"
	ProjectSection(ProjectDependencies) = postProject
		{85301143-E97B-4AFC-9363-BB0496B39D92} = {85301143-E97B-4AFC-9363-BB0496B39D92}
		{6CE70797-2162-4646-8D15-DB215DC00849} = {6CE70797-2162-4646-8D15-DB215DC00849}
		{F846AE9A-6CFF-4794-8663-A3B46B300622} = {F846AE9A-6CFF-4794-8663-A3B46B300622}
	EndProjectSection
EndProject
Global
	GlobalSection(SolutionConfiguration) = preSolution
		Debug = Debug
		Release = Release
	EndGlobalSection
	GlobalSection(ProjectConfiguration) = postSolution
		{85301143-E97B-4AFC-9363-BB0496B39D92}.Debug.ActiveCfg = Debug|Win32
		{85301143-E97B-4AFC-9363-BB0496B39D92}.Debug.Build.0 = Debug|Win32
		{85301143-E97B-4AFC-9363-BB0496B39D92}.Release.ActiveCfg = Release|Win32
		{85301143-E97B-4AFC-9363-BB0496B39D92}.Release.Build.0 = Release|Win32
		{6CE70797-2162-4646-8D15-DB215DC00849}.Debug.ActiveCfg = Debug|Win32
		{6CE70797-2162-4646-8D15-DB215DC00849}.Debug.Build.0 = Debug|Win32
		{6CE70797-2162-4646-8D15-DB215DC00849}.Release.ActiveCfg = Release|Win32
		{6CE70797-2162-4646-8D15-DB215DC00849}.Release.Build.0 = Release|Win32
		{1AE50D52-633B-47AB-BAB5-B28F552B2310}.Debug.ActiveCfg = Debug|Win32
		{1AE50D52-633B-47AB-BAB5-B28F552B2310}.Debug.Build.0 = Debug|Win32
		{1AE50D52-633B-47AB-BAB5-B28F552B2310}.Release.ActiveCfg = Release|Win32
		{1AE50D52-633B-47AB-BAB5-B28F552B2310}.Release.Build.0 = Release|Win32
		{3ED419FA-8F87-44FA-A313-E9568A4C7D49}.Debug.ActiveCfg = Debug|Win32
		{3ED419FA-8F87-44FA-A313-E9568A4C7D49}.Debug.Build.0 = Debug|Win32
		{3ED419FA-8F87-44FA-A313-E9568A4C7D49}.Release.ActiveCfg = Release|Win32
		{3ED419FA-8F87-44FA-A313-E9568A4C7D49}.Release.Build.0 = Release|Win32
		{B7022111-3880-4288-8ECA-C9C083189256}.Debug.ActiveCfg = Debug|Win32
		{B7022111-3880-4288-8ECA-C9C083189256}.Debug.Build.0 = Debug|Win32
		{B7022111-3880-4288-8ECA-C9C083189256}.Release.ActiveCfg = Release|Win32
		{B7022111-3880-4288-8ECA-C9C083189256}.Release.Build.0 = Release|Win32
		{4D016128-DFEA-471C-8F65-2EB7CEA28584}.Debug.ActiveCfg = Debug|Win32
		{4D016128-DFEA-471C-8F65-2EB7CEA28584}.Debug.Build.0 = Debug|Win32
		{4D016128-DFEA-471C-8F65-2EB7CEA28584}.Release.ActiveCfg = Release|Win32
		{4D016128-DFEA-471C-8F65-2EB7CEA28584}.Release.Build.0 = Release|Win32
		{86FD72D7-6308-4F31-BB8C-AA33766719FA}.Debug.ActiveCfg = Debug|Win32
		{86FD72D7-6308-4F31-BB8C-AA33766719FA}.Debug.Build.0 = Debug|Win32
		{86FD72D7-6308-4F31-BB8C-AA33766719FA}.Release.ActiveCfg = Release|Win32
		{86FD72D7-6308-4F31-BB8C-AA33766719FA}.Release.Build.0 = Release|Win32
		{BACF3E9D-E23D-42CA-A5CE-01C2E849798B}.Debug.ActiveCfg = Debug|Win32
		{BACF3E9D-E23D-42CA-A5CE-01C2E849798B}.Debug.Build.0 = Debug|Win32
		{BACF3E9D-E23D-42CA-A5CE-01C2E849798B}.Release.ActiveCfg = Release|Win32
		{BACF3E9D-E23D-42CA-A5CE-01C2E849798B}.Release.Build.0 = Release|Win32
		{A5B941B1-00BA-4517-9F86-1368EDCADCB0}.Debug.ActiveCfg = Debug|Win32
		{A5B941B1-00BA-4517-9F86-1368EDCADCB0}.Debug.Build.0 = Debug|Win32
		{A5B941B1-00BA-4517-9F86-1368EDCADCB0}.Release.ActiveCfg = Release|Win32
		{A5B941B1-00BA-4517-9F86-1368EDCADCB0}.Release.Build.0 = Release|Win32
		{96AEDD8A-5081-49CA-8504-D1F5ECF7FE79}.Debug.ActiveCfg = Debug|Win32
		{96AEDD8A-5081-49CA-8504-D1F5ECF7FE79}.Debug.Build.0 = Debug|Win32
		{96AEDD8A-5081-49CA-8504-D1F5ECF7FE79}.Release.ActiveCfg = Release|Win32
		{96AEDD8A-5081-49CA-8504-D1F5ECF7FE79}.Release.Build.0 = Release|Win32
		{4D53A4B4-0089-42C1-989C-2A73163D77C0}.Debug.ActiveCfg = Debug|Win32
		{4D53A4B4-0089-42C1-989C-2A73163D77C0}.Debug.Build.0 = Debug|Win32
		{4D53A4B4-0089-42C1-989C-2A73163D77C0}.Release.ActiveCfg = Release|Win32
		{4D53A4B4-0089-42C1-989C-2A73163D77C0}.Release.Build.0 = Release|Win32
		{0D673A6B-BBE9-43CB-91EC-362E3AE0BEF1}.Debug.ActiveCfg = Debug|Win32
		{0D673A6B-BBE9-43CB-91EC-362E3AE0BEF1}.Debug.Build.0 = Debug|Win32
		{0D673A6B-BBE9-43CB-91EC-362E3AE0BEF1}.Release.ActiveCfg = Release|Win32
		{0D673A6B-BBE9-43CB-91EC-362E3AE0BEF1}.Release.Build.0 = Release|Win32
		{04C03D91-E636-48A8-83DE-C9996430B59D}.Debug.ActiveCfg = Debug|Win32
		{04C03D91-E636-48A8-83DE-C9996430B59D}.Debug.Build.0 = Debug|Win32
		{04C03D91-E636-48A8-83DE-C9996430B59D}.Release.ActiveCfg = Release|Win32
		{04C03D91-E636-48A8-83DE-C9996430B59D}.Release.Build.0 = Release|Win32
		{E77B9D1C-1E36-4C1D-A9D7-DEBB3917BAFE}.Debug.ActiveCfg = Debug|Win32
		{E77B9D1C-1E36-4C1D-A9D7-DEBB3917BAFE}.Debug.Build.0 = Debug|Win32
		{E77B9D1C-1E36-4C1D-A9D7-DEBB3917BAFE}.Release.ActiveCfg = Release|Win32
		{E77B9D1C-1E36-4C1D-A9D7-DEBB3917BAFE}.Release.Build.0 = Release|Win32
		{E2BFE4B0-C164-43BD-811B-6F483CD6D6DF}.Debug.ActiveCfg = Debug|Win32
		{E2BFE4B0-C164-43BD-811B-6F483CD6D6DF}.Debug.Build.0 = Debug|Win32
		{E2BFE4B0-C164-43BD-811B-6F483CD6D6DF}.Release.ActiveCfg = Release|Win32
		{E2BFE4B0-C164-43BD-811B-6F483CD6D6DF}.Release.Build.0 = Release|Win32
		{5740DAA7-9CAA-405B-B006-1E84A21B8077}.Debug.ActiveCfg = Debug|Win32
		{5740DAA7-9CAA-405B-B006-1E84A21B8077}.Debug.Build.0 = Debug|Win32
		{5740DAA7-9CAA-405B-B006-1E84A21B8077}.Release.ActiveCfg = Release|Win32
		{5740DAA7-9CAA-405B-B006-1E84A21B8077}.Release.Build.0 = Release|Win32
		{B60D230F-E204-4BE2-81C1-4DD3A01EE4CB}.Debug.ActiveCfg = Debug|Win32
		{B60D230F-E204-4BE2-81C1-4DD3A01EE4CB}.Debug.Build.0 = Debug|Win32
		{B60D230F-E204-4BE2-81C1-4DD3A01EE4CB}.Release.ActiveCfg = Release|Win32
		{B60D230F-E204-4BE2-81C1-4DD3A01EE4CB}.Release.Build.0 = Release|Win32
		{FCB2C01A-D6E7-45BB-A8AC-BB77DD39E1C1}.Debug.ActiveCfg = Debug|Win32
		{FCB2C01A-D6E7-45BB-A8AC-BB77DD39E1C1}.Debug.Build.0 = Debug|Win32
		{FCB2C01A-D6E7-45BB-A8AC-BB77DD39E1C1}.Release.ActiveCfg = Release|Win32
		{FCB2C01A-D6E7-45BB-A8AC-BB77DD39E1C1}.Release.Build.0 = Release|Win32
		{0E8EB311-6E75-48BD-A0D3-D8AA89C168DD}.Debug.ActiveCfg = Debug|Win32
		{0E8EB311-6E75-48BD-A0D3-D8AA89C168DD}.Debug.Build.0 = Debug|Win32
		{0E8EB311-6E75-48BD-A0D3-D8AA89C168DD}.Release.ActiveCfg = Release|Win32
		{0E8EB311-6E75-48BD-A0D3-D8AA89C168DD}.Release.Build.0 = Release|Win32
		{1887F61F-1C5C-4924-937B-C530B911DB0A}.Debug.ActiveCfg = Debug
		{1887F61F-1C5C-4924-937B-C530B911DB0A}.Debug.Build.0 = Debug
		{1887F61F-1C5C-4924-937B-C530B911DB0A}.Release.ActiveCfg = Release
		{1887F61F-1C5C-4924-937B-C530B911DB0A}.Release.Build.0 = Release
		{B6C0AD38-FC17-4C2E-8D1D-4F4162DC318B}.Debug.ActiveCfg = Debug
		{B6C0AD38-FC17-4C2E-8D1D-4F4162DC318B}.Release.ActiveCfg = Release
		{B1385DCE-2998-42CF-9B13-AD5FFF0C368D}.Debug.ActiveCfg = Debug|Win32
		{B1385DCE-2998-42CF-9B13-AD5FFF0C368D}.Debug.Build.0 = Debug|Win32
		{B1385DCE-2998-42CF-9B13-AD5FFF0C368D}.Release.ActiveCfg = Release|Win32
		{B1385DCE-2998-42CF-9B13-AD5FFF0C368D}.Release.Build.0 = Release|Win32
		{DCB064D0-2E5F-4797-807E-0641D8E66280}.Debug.ActiveCfg = Debug|Win32
		{DCB064D0-2E5F-4797-807E-0641D8E66280}.Debug.Build.0 = Debug|Win32
		{DCB064D0-2E5F-4797-807E-0641D8E66280}.Release.ActiveCfg = Release|Win32
		{DCB064D0-2E5F-4797-807E-0641D8E66280}.Release.Build.0 = Release|Win32
		{DCB064D0-2E5F-4797-807E-0641D8E66280}.Debug.ActiveCfg = Debug|Win32
		{DCB064D0-2E5F-4797-807E-0641D8E66280}.Debug.Build.0 = Debug|Win32
		{DCB064D0-2E5F-4797-807E-0641D8E66280}.Release.ActiveCfg = Release|Win32
		{DCB064D0-2E5F-4797-807E-0641D8E66280}.Release.Build.0 = Release|Win32
		{F846AE9A-6CFF-4794-8663-A3B46B300622}.Debug.ActiveCfg = Debug|Win32
		{F846AE9A-6CFF-4794-8663-A3B46B300622}.Debug.Build.0 = Debug|Win32
		{F846AE9A-6CFF-4794-8663-A3B46B300622}.Release.ActiveCfg = Release|Win32
		{F846AE9A-6CFF-4794-8663-A3B46B300622}.Release.Build.0 = Release|Win32
		{7DDCF4E7-56A0-4908-A140-18A0B7591034}.Debug.ActiveCfg = Debug|Win32
		{7DDCF4E7-56A0-4908-A140-18A0B7591034}.Debug.Build.0 = Debug|Win32
		{7DDCF4E7-56A0-4908-A140-18A0B7591034}.Release.ActiveCfg = Release|Win32
		{7DDCF4E7-56A0-4908-A140-18A0B7591034}.Release.Build.0 = Release|Win32
		{BACF3E9D-E23D-42CA-A5CE-01C2E8490000}.Debug.ActiveCfg = Debug|Win32
		{BACF3E9D-E23D-42CA-A5CE-01C2E8490000}.Debug.Build.0 = Debug|Win32
		{BACF3E9D-E23D-42CA-A5CE-01C2E8490000}.Release.ActiveCfg = Release|Win32
		{BACF3E9D-E23D-42CA-A5CE-01C2E8490000}.Release.Build.0 = Release|Win32
		{A5B941B1-00BA-4517-9F86-1368EDCADCB0}.Debug.ActiveCfg = Debug|Win32
		{A5B941B1-00BA-4517-9F86-1368EDCADCB0}.Debug.Build.0 = Debug|Win32
		{A5B941B1-00BA-4517-9F86-1368EDCADCB0}.Release.ActiveCfg = Release|Win32
		{A5B941B1-00BA-4517-9F86-1368EDCADCB0}.Release.Build.0 = Release|Win32
		{40B41150-59AC-11D9-9669-0800200C9A66}.Debug.ActiveCfg = Debug|Win32
		{40B41150-59AC-11D9-9669-0800200C9A66}.Debug.Build.0 = Debug|Win32
		{40B41150-59AC-11D9-9669-0800200C9A66}.Release.ActiveCfg = Release|Win32
		{40B41150-59AC-11D9-9669-0800200C9A66}.Release.Build.0 = Release|Win32
		{7BEC7000-59AC-11D9-9669-0800200C9A66}.Debug.ActiveCfg = Debug|Win32
		{7BEC7000-59AC-11D9-9669-0800200C9A66}.Debug.Build.0 = Debug|Win32
		{7BEC7000-59AC-11D9-9669-0800200C9A66}.Release.ActiveCfg = Release|Win32
		{7BEC7000-59AC-11D9-9669-0800200C9A66}.Release.Build.0 = Release|Win32
		{CACCD9D0-59AC-11D9-9669-0800200C9A66}.Debug.ActiveCfg = Debug|Win32
		{CACCD9D0-59AC-11D9-9669-0800200C9A66}.Debug.Build.0 = Debug|Win32
		{CACCD9D0-59AC-11D9-9669-0800200C9A66}.Release.ActiveCfg = Release|Win32
		{CACCD9D0-59AC-11D9-9669-0800200C9A66}.Release.Build.0 = Release|Win32
		{CACCD9D0-59AC-11D9-9669-0800200C9A66}.Debug.ActiveCfg = Debug|Win32
		{CACCD9D0-59AC-11D9-9669-0800200C9A66}.Debug.Build.0 = Debug|Win32
		{CACCD9D0-59AC-11D9-9669-0800200C9A66}.Release.ActiveCfg = Release|Win32
		{CACCD9D0-59AC-11D9-9669-0800200C9A66}.Release.Build.0 = Release|Win32
		{40B41150-59AC-11D9-9669-0800200C9A66}.Debug.ActiveCfg = Debug|Win32
		{40B41150-59AC-11D9-9669-0800200C9A66}.Debug.Build.0 = Debug|Win32
		{40B41150-59AC-11D9-9669-0800200C9A66}.Release.ActiveCfg = Release|Win32
		{40B41150-59AC-11D9-9669-0800200C9A66}.Release.Build.0 = Release|Win32
		{40B41150-59AC-11D9-9669-0800200C9A66}.Debug.ActiveCfg = Debug|Win32
		{40B41150-59AC-11D9-9669-0800200C9A66}.Debug.Build.0 = Debug|Win32
		{40B41150-59AC-11D9-9669-0800200C9A66}.Release.ActiveCfg = Release|Win32
		{40B41150-59AC-11D9-9669-0800200C9A66}.Release.Build.0 = Release|Win32
		{40B41150-59AC-11D9-9669-0800200C9A66}.Debug.ActiveCfg = Debug|Win32
		{40B41150-59AC-11D9-9669-0800200C9A66}.Debug.Build.0 = Debug|Win32
		{40B41150-59AC-11D9-9669-0800200C9A66}.Release.ActiveCfg = Release|Win32
		{40B41150-59AC-11D9-9669-0800200C9A66}.Release.Build.0 = Release|Win32
		{38C6E570-59B2-11D9-9669-0800200C9A66}.Debug.ActiveCfg = Debug|Win32
		{38C6E570-59B2-11D9-9669-0800200C9A66}.Debug.Build.0 = Debug|Win32
		{38C6E570-59B2-11D9-9669-0800200C9A66}.Release.ActiveCfg = Release|Win32
		{38C6E570-59B2-11D9-9669-0800200C9A66}.Release.Build.0 = Release|Win32
		{95C5CFC0-59B2-11D9-9669-0800200C9A66}.Debug.ActiveCfg = Debug|Win32
		{95C5CFC0-59B2-11D9-9669-0800200C9A66}.Debug.Build.0 = Debug|Win32
		{95C5CFC0-59B2-11D9-9669-0800200C9A66}.Release.ActiveCfg = Release|Win32
		{95C5CFC0-59B2-11D9-9669-0800200C9A66}.Release.Build.0 = Release|Win32
		{2744ECFD-5908-45FA-8528-B40A426058DF}.Debug.ActiveCfg = Debug|Win32
		{2744ECFD-5908-45FA-8528-B40A426058DF}.Debug.Build.0 = Debug|Win32
		{2744ECFD-5908-45FA-8528-B40A426058DF}.Release.ActiveCfg = Release|Win32
		{2744ECFD-5908-45FA-8528-B40A426058DF}.Release.Build.0 = Release|Win32
	EndGlobalSection
	GlobalSection(ExtensibilityGlobals) = postSolution
	EndGlobalSection
	GlobalSection(ExtensibilityAddIns) = postSolution
	EndGlobalSection
EndGlobal
